// !$*UTF8*$!
{
	archiveVersion = 1;
	classes = {
	};
	objectVersion = 46;
	objects = {

/* Begin PBXBuildFile section */
		2ACE838A1B327E20003E8E5A /* main.m in Sources */ = {isa = PBXBuildFile; fileRef = 2ACE83891B327E20003E8E5A /* main.m */; };
		2ACE83981B32FBF8003E8E5A /* Logger.m in Sources */ = {isa = PBXBuildFile; fileRef = 2ACE83971B32FBF8003E8E5A /* Logger.m */; };
		2ACE839E1B33001F003E8E5A /* Observer.m in Sources */ = {isa = PBXBuildFile; fileRef = 2ACE839D1B33001F003E8E5A /* Observer.m */; };
/* End PBXBuildFile section */

/* Begin PBXCopyFilesBuildPhase section */
		2ACE83841B327E20003E8E5A /* CopyFiles */ = {
			isa = PBXCopyFilesBuildPhase;
			buildActionMask = 2147483647;
			dstPath = /usr/share/man/man1/;
			dstSubfolderSpec = 0;
			files = (
			);
			runOnlyForDeploymentPostprocessing = 1;
		};
/* End PBXCopyFilesBuildPhase section */

/* Begin PBXFileReference section */
		2ACE83861B327E20003E8E5A /* W2D2-NSNotifications */ = {isa = PBXFileReference; explicitFileType = "compiled.mach-o.executable"; includeInIndex = 0; path = "W2D2-NSNotifications"; sourceTree = BUILT_PRODUCTS_DIR; };
		2ACE83891B327E20003E8E5A /* main.m */ = {isa = PBXFileReference; lastKnownFileType = sourcecode.c.objc; path = main.m; sourceTree = "<group>"; };
		2ACE83961B32FBF8003E8E5A /* Logger.h */ = {isa = PBXFileReference; fileEncoding = 4; lastKnownFileType = sourcecode.c.h; path = Logger.h; sourceTree = "<group>"; };
		2ACE83971B32FBF8003E8E5A /* Logger.m */ = {isa = PBXFileReference; fileEncoding = 4; lastKnownFileType = sourcecode.c.objc; path = Logger.m; sourceTree = "<group>"; };
		2ACE839C1B33001F003E8E5A /* Observer.h */ = {isa = PBXFileReference; fileEncoding = 4; lastKnownFileType = sourcecode.c.h; path = Observer.h; sourceTree = "<group>"; };
		2ACE839D1B33001F003E8E5A /* Observer.m */ = {isa = PBXFileReference; fileEncoding = 4; lastKnownFileType = sourcecode.c.objc; path = Observer.m; sourceTree = "<group>"; };
/* End PBXFileReference section */

/* Begin PBXFrameworksBuildPhase section */
		2ACE83831B327E20003E8E5A /* Frameworks */ = {
			isa = PBXFrameworksBuildPhase;
			buildActionMask = 2147483647;
			files = (
			);
			runOnlyForDeploymentPostprocessing = 0;
		};
/* End PBXFrameworksBuildPhase section */

/* Begin PBXGroup section */
		2ACE837D1B327E20003E8E5A = {
			isa = PBXGroup;
			children = (
				2ACE83881B327E20003E8E5A /* W2D2-NSNotifications */,
				2ACE83871B327E20003E8E5A /* Products */,
			);
			sourceTree = "<group>";
		};
		2ACE83871B327E20003E8E5A /* Products */ = {
			isa = PBXGroup;
			children = (
				2ACE83861B327E20003E8E5A /* W2D2-NSNotifications */,
			);
			name = Products;
			sourceTree = "<group>";
		};
		2ACE83881B327E20003E8E5A /* W2D2-NSNotifications */ = {
			isa = PBXGroup;
			children = (
				2ACE83891B327E20003E8E5A /* main.m */,
				2ACE83961B32FBF8003E8E5A /* Logger.h */,
				2ACE83971B32FBF8003E8E5A /* Logger.m */,
				2ACE839C1B33001F003E8E5A /* Observer.h */,
				2ACE839D1B33001F003E8E5A /* Observer.m */,
			);
			path = "W2D2-NSNotifications";
			sourceTree = "<group>";
		};
/* End PBXGroup section */

/* Begin PBXNativeTarget section */
		2ACE83851B327E20003E8E5A /* W2D2-NSNotifications */ = {
			isa = PBXNativeTarget;
			buildConfigurationList = 2ACE838D1B327E20003E8E5A /* Build configuration list for PBXNativeTarget "W2D2-NSNotifications" */;
			buildPhases = (
				2ACE83821B327E20003E8E5A /* Sources */,
				2ACE83831B327E20003E8E5A /* Frameworks */,
				2ACE83841B327E20003E8E5A /* CopyFiles */,
			);
			buildRules = (
			);
			dependencies = (
			);
			name = "W2D2-NSNotifications";
			productName = "W2D2-NSNotifications";
			productReference = 2ACE83861B327E20003E8E5A /* W2D2-NSNotifications */;
			productType = "com.apple.product-type.tool";
		};
/* End PBXNativeTarget section */

/* Begin PBXProject section */
		2ACE837E1B327E20003E8E5A /* Project object */ = {
			isa = PBXProject;
			attributes = {
				LastUpgradeCheck = 0630;
				ORGANIZATIONNAME = "iT Guy Technologies";
				TargetAttributes = {
					2ACE83851B327E20003E8E5A = {
						CreatedOnToolsVersion = 6.3.2;
					};
				};
			};
			buildConfigurationList = 2ACE83811B327E20003E8E5A /* Build configuration list for PBXProject "W2D2-NSNotifications" */;
			compatibilityVersion = "Xcode 3.2";
			developmentRegion = English;
			hasScannedForEncodings = 0;
			knownRegions = (
				en,
			);
			mainGroup = 2ACE837D1B327E20003E8E5A;
			productRefGroup = 2ACE83871B327E20003E8E5A /* Products */;
			projectDirPath = "";
			projectRoot = "";
			targets = (
				2ACE83851B327E20003E8E5A /* W2D2-NSNotifications */,
			);
		};
/* End PBXProject section */

/* Begin PBXSourcesBuildPhase section */
		2ACE83821B327E20003E8E5A /* Sources */ = {
			isa = PBXSourcesBuildPhase;
			buildActionMask = 2147483647;
			files = (
				2ACE839E1B33001F003E8E5A /* Observer.m in Sources */,
				2ACE838A1B327E20003E8E5A /* main.m in Sources */,
				2ACE83981B32FBF8003E8E5A /* Logger.m in Sources */,
			);
			runOnlyForDeploymentPostprocessing = 0;
		};
/* End PBXSourcesBuildPhase section */

/* Begin XCBuildConfiguration section */
		2ACE838B1B327E20003E8E5A /* Debug */ = {
			isa = XCBuildConfiguration;
			buildSettings = {
				ALWAYS_SEARCH_USER_PATHS = NO;
				CLANG_CXX_LANGUAGE_STANDARD = "gnu++0x";
				CLANG_CXX_LIBRARY = "libc++";
				CLANG_ENABLE_MODULES = YES;
				CLANG_ENABLE_OBJC_ARC = YES;
				CLANG_WARN_BOOL_CONVERSION = YES;
				CLANG_WARN_CONSTANT_CONVERSION = YES;
				CLANG_WARN_DIRECT_OBJC_ISA_USAGE = YES_ERROR;
				CLANG_WARN_EMPTY_BODY = YES;
				CLANG_WARN_ENUM_CONVERSION = YES;
				CLANG_WARN_INT_CONVERSION = YES;
				CLANG_WARN_OBJC_ROOT_CLASS = YES_ERROR;
				CLANG_WARN_UNREACHABLE_CODE = YES;
				CLANG_WARN__DUPLICATE_METHOD_MATCH = YES;
				COPY_PHASE_STRIP = NO;
				DEBUG_INFORMATION_FORMAT = dwarf;
				ENABLE_STRICT_OBJC_MSGSEND = YES;
				GCC_C_LANGUAGE_STANDARD = gnu99;
				GCC_DYNAMIC_NO_PIC = NO;
				GCC_NO_COMMON_BLOCKS = YES;
				GCC_OPTIMIZATION_LEVEL = 0;
				GCC_PREPROCESSOR_DEFINITIONS = (
					"DEBUG=1",
					"$(inherited)",
				);
				GCC_SYMBOLS_PRIVATE_EXTERN = NO;
				GCC_WARN_64_TO_32_BIT_CONVERSION = YES;
				GCC_WARN_ABOUT_RETURN_TYPE = YES_ERROR;
				GCC_WARN_UNDECLARED_SELECTOR = YES;
				GCC_WARN_UNINITIALIZED_AUTOS = YES_AGGRESSIVE;
				GCC_WARN_UNUSED_FUNCTION = YES;
				GCC_WARN_UNUSED_VARIABLE = YES;
				MACOSX_DEPLOYMENT_TARGET = 10.10;
				MTL_ENABLE_DEBUG_INFO = YES;
				ONLY_ACTIVE_ARCH = YES;
				SDKROOT = macosx;
			};
			name = Debug;
		};
		2ACE838C1B327E20003E8E5A /* Release */ = {
			isa = XCBuildConfiguration;
			buildSettings = {
				ALWAYS_SEARCH_USER_PATHS = NO;
				CLANG_CXX_LANGUAGE_STANDARD = "gnu++0x";
				CLANG_CXX_LIBRARY = "libc++";
				CLANG_ENABLE_MODULES = YES;
				CLANG_ENABLE_OBJC_ARC = YES;
				CLANG_WARN_BOOL_CONVERSION = YES;
				CLANG_WARN_CONSTANT_CONVERSION = YES;
				CLANG_WARN_DIRECT_OBJC_ISA_USAGE = YES_ERROR;
				CLANG_WARN_EMPTY_BODY = YES;
				CLANG_WARN_ENUM_CONVERSION = YES;
				CLANG_WARN_INT_CONVERSION = YES;
				CLANG_WARN_OBJC_ROOT_CLASS = YES_ERROR;
				CLANG_WARN_UNREACHABLE_CODE = YES;
				CLANG_WARN__DUPLICATE_METHOD_MATCH = YES;
				COPY_PHASE_STRIP = NO;
				DEBUG_INFORMATION_FORMAT = "dwarf-with-dsym";
				ENABLE_NS_ASSERTIONS = NO;
				ENABLE_STRICT_OBJC_MSGSEND = YES;
				GCC_C_LANGUAGE_STANDARD = gnu99;
				GCC_NO_COMMON_BLOCKS = YES;
				GCC_WARN_64_TO_32_BIT_CONVERSION = YES;
				GCC_WARN_ABOUT_RETURN_TYPE = YES_ERROR;
				GCC_WARN_UNDECLARED_SELECTOR = YES;
				GCC_WARN_UNINITIALIZED_AUTOS = YES_AGGRESSIVE;
				GCC_WARN_UNUSED_FUNCTION = YES;
				GCC_WARN_UNUSED_VARIABLE = YES;
				MACOSX_DEPLOYMENT_TARGET = 10.10;
				MTL_ENABLE_DEBUG_INFO = NO;
				SDKROOT = macosx;
			};
			name = Release;
		};
		2ACE838E1B327E20003E8E5A /* Debug */ = {
			isa = XCBuildConfiguration;
			buildSettings = {
				PRODUCT_NAME = "$(TARGET_NAME)";
			};
			name = Debug;
		};
		2ACE838F1B327E20003E8E5A /* Release */ = {
			isa = XCBuildConfiguration;
			buildSettings = {
				PRODUCT_NAME = "$(TARGET_NAME)";
			};
			name = Release;
		};
/* End XCBuildConfiguration section */

/* Begin XCConfigurationList section */
		2ACE83811B327E20003E8E5A /* Build configuration list for PBXProject "W2D2-NSNotifications" */ = {
			isa = XCConfigurationList;
			buildConfigurations = (
				2ACE838B1B327E20003E8E5A /* Debug */,
				2ACE838C1B327E20003E8E5A /* Release */,
			);
			defaultConfigurationIsVisible = 0;
			defaultConfigurationName = Release;
		};
		2ACE838D1B327E20003E8E5A /* Build configuration list for PBXNativeTarget "W2D2-NSNotifications" */ = {
			isa = XCConfigurationList;
			buildConfigurations = (
				2ACE838E1B327E20003E8E5A /* Debug */,
				2ACE838F1B327E20003E8E5A /* Release */,
			);
			defaultConfigurationIsVisible = 0;
			defaultConfigurationName = Release;
		};
/* End XCConfigurationList section */
	};
	rootObject = 2ACE837E1B327E20003E8E5A /* Project object */;
}
